github.com/bytedance/sonic v1.10.2 h1:z8+5eNws/d/tog5HhosrsCqv0XyALRVYPyEKVErS7I=
github.com/bytedance/sonic v1.10.2/go.mod h1:iZcSUejc5j0f58ddm7dy0Gf2jpQQrLzNzCyxlsu5d0=
github.com/chenzhuoyu/base64x v0.0.0-20230717121745-296ad89f973d h1:77cEq6zeoJLGCU9B9cE5+b+PKyJE1DFSruoEsR/lqY=
github.com/chenzhuoyu/base64x v0.0.0-20230717121745-296ad89f973d/go.mod h1:NuABLGyDsmrQkrFj7NrboyVxWnzEjpSQ0exnEzrangM=
github.com/davecgh/go-spew v1.1.1 h1:vj9j/u1bqnvCEfJOwUhtlOARqs3+rkHB8X6/HA74jQ=
github.com/davecgh/go-spew v1.1.1/go.mod h1:J7Y8YcW2NihsgmVo/mv3lAwl/skON4iLHjSsI+c5H8=
github.com/gabriel-vasile/mimetype v1.4.3 h1:in2uUcidCuFcDKtdcBk2Dlgl1Gi7G6Sr21Z7LM7I8w=
github.com/gabriel-vasile/mimetype v1.4.3/go.mod h1:d8uq/6HKJJ+wZVTsl8V+0kXksNHbAPstLDvQstPtXc=
github.com/gin-contrib/sse v0.1.0 h1:Y/yl/+YNO8GZSvPWZLh16FEeQ/r5rqnJsGLGTZtJ0E=
github.com/gin-contrib/sse v0.1.0/go.mod h1:RKSo9+h7T7rqSLd+MMo3/s6lLpwVj1WS+FqqO9dK4I=
github.com/gin-gonic/gin v1.10.0 h1:nTuyVV007hvXwZ4WtesFv4lCv+3Fsw/TP2UkQVuc0w=
github.com/gin-gonic/gin v1.10.0/go.mod h1:4PMNQiPk9DLwIV+/ZiO49xSzvwYyUTE64jP8BVGcs0=
github.com/go-playground/assert/v2 v2.2.0 h1:JvknZsQTYeFEwhQWGWwZNiNrnrydcJgVbQcAftfzoE=
github.com/go-playground/assert/v2 v2.2.0/go.mod h1:VDjEfimB/XKnb+ZQfWdccd7VUvScMdVu0Tvf+5Dqkg=
github.com/go-playground/locales v0.14.1 h1:EWaQ/wswW4OFG4L0tPFgygZBMk/phBlLeQn6NWwSS0=
github.com/go-playground/locales v0.14.1/go.mod h1:hxrqLVvrK65+Rwrd5Fc6F2O76J0NqVQwIJJ5oBpzsE=
github.com/go-playground/universal-translator v0.18.1 h1:Bcnm0ZwsGyWbxAxly3gJ/gyNK7M0IscuuAuragZp7k=
github.com/go-playground/universal-translator v0.18.1/go.mod h1:xekY+UJKNuX7IYNL+qFwQrE4xY7KYPy8c8VmSLSc10=
github.com/go-playground/validator/v10 v10.16.0 h1:x+DsMImdHqsSLp8/V1p7ysSeJ49r7CQI2BbYz8dC7w=
github.com/go-playground/validator/v10 v10.16.0/go.mod h1:9iRZkH+C9S5L/Ydg4d2fkCUK4gxqbOQaWfKvhx4yAY=
github.com/goccy/go-json v0.10.2 h1:CqyvLKZ9CXl7JV7YWu/+mWEkS8b5UrzBBRLvzTqSN0=
github.com/goccy/go-json v0.10.2/go.mod h1:6MelG93GURQsLFEDfFND4lOnZT86+T46tPe0lndUc0=
github.com/google/go-cmp v0.5.5 h1:Khx7roipRoAxH+iBuQ1K1+8tyO7d41wCEtLTQy2rMU=
github.com/google/go-cmp v0.5.5/go.mod h1:v8dTdLbMG2kIc/vJvl+f65V22d2npUstHwKMmdoQbM=
github.com/google/uuid v1.6.0 h1:NIvaJDMOsjHA8n1jAhLSgzrAzy1blcHllco5Q0l/Q0=
github.com/google/uuid v1.6.0/go.mod h1:TIyPZe4MgqvfeYDBFedMoGkdin5w6uvQYe+OMsDvA8=
github.com/json-iterator/go v1.1.12 h1:PV8peI4a0ybnXsSylimJ5SIZOU11z7uBCOU2sjNwg=
github.com/json-iterator/go v1.1.12/go.mod h1:e30G1JBtVQFMZR/JdJB9mNRwH4+v2/9ktzbJ3VqDvg=
github.com/klauspost/cpuid/v2 v2.2.6 h1:ndNyv040zDGENh0bAr3S1dMnKBeFLKH3dXKcHswy4=
github.com/klauspost/cpuid/v2 v2.2.6/go.mod h1:Lcz8mBdAVJeh02+LS0dByKSVWQZAFwKL+YfmD8JBc=
github.com/leodido/go-urn v1.2.4 h1:XlAE/cm/ms7TE/VMVoduSpNBoyc2dOxHs5PrIv56XE=
github.com/leodido/go-urn v1.2.4/go.mod h1:7ZrI8mTSeBSHl/UaIlD7a7L+gJJr0jmYCzD/9/A6P8=
github.com/mattn/go-isatty v0.0.20 h1:xfD0iDuEKRM0Ke8lo9A0fctp0YYsusKV0/u+BgAsbQ=
github.com/mattn/go-isatty v0.0.20/go.mod h1:W+V8PltTTMOvKvAeJH7RjppewblYQwQogxP1JYLv7E=
github.com/modern-go/concurrent v0.0.0-20230330173713-942fedbb3226 h1:xyhQvJ487phMHHisFMV8L8bPjE8LuyVLdhePNqYozM=
github.com/modern-go/concurrent v0.0.0-20230330173713-942fedbb3226/go.mod h1:xvqfVfgoujknMvNL86v+8+8C1Kmbmbxa5dotXYOM7I=
github.com/modern-go/reflect2 v1.0.2 h1:xBagoLtFs94CBntxluKeaWgTMpvLxC4ur3nMaC9Gz0=
github.com/modern-go/reflect2 v1.0.2/go.mod h1:yWuevngMOJpCeKkxisEYzSTaaxp5lMsqkFQ5 Minor=
github.com/pelletier/go-toml/v2 v2.1.1 h1:LXpItxYeN+FmjWnQd7tyQYU+mC/i3gx2CXqKC2y20w=
github.com/pelletier/go-toml/v2 v2.1.1/go.mod h1:tJU2Z3ZkXwnNkgS1gXAEIqCUPhMoYi64b6p+9z2vqI=
github.com/pmezard/go-difflib v1.0.0 h1:4DBwDE0NGyQoBHrEYAqCcH4XNYP9KfZIK2KoZaBstE=
github.com/pmezard/go-difflib v1.0.0/go.mod h1:iKH77koFhYxTK1pcRnkGLp1M8LgsriA5sBpbrQ7awc=
github.com/stretchr/objx v0.5.0 h1:1zr/of2m5FGMARZtkK3qa3xBtKE4d1zCztjJ2eb0gS=
github.com/stretchr/objx v0.5.0/go.mod h1:Yh+to48EsGEV+sUb+IvB1fnSFy+iUjb4qV9SQJbY8=
github.com/stretchr/testify v1.8.4 h1:CcVxjf3Q8fs0RKIaJFlonnWQArs1nMSQC3cJWY+dxI=
github.com/stretchr/testify v1.8.4/go.mod h1:sz/wgYYOY7tG7qkOSwJw7aVIb50Vl7V3kDfsEm6x6E=
github.com/twitchyliquid64/golang-asm v0.15.1 h1:SU5vSMR7hnwNxj24w34ZyCi/FmDZC9tsXZUEqPnqWg=
github.com/twitchyliquid64/golang-asm v0.15.1/go.mod h1:a1lVb/DtPvCB8fslRZhybxwxXEAKjjW0K5ln/uyMxQ=
github.com/ugorji/go/codec v1.2.12 h1:9LC83zGehe4W9ddBub+aK4+x/cAqsbeM3dtQESt76A=
github.com/ugorji/go/codec v1.2.12/go.mod h1:UNzGax7T5mdMNOJCXS/C/nydWveFzI6Q7ResY7BztE=
golang.org/x/arch v0.6.0 h1:S0JTfE48HbRj80+JL6pOeUVDy3q8mTnrsenKIyN2kI=
golang.org/x/arch v0.6.0/go.mod h1:FEVrYAQjsQXMVJ1nSmjOqPIUKwpGuF6apiNZHiyzRg=
golang.org/x/crypto v0.17.0 h1:r8bRNjWL3GshPW2Qq2Z7Zcpj5ftyWP+SpNKSIvNrcY=
golang.org/x/crypto v0.17.0/go.mod h1:gCAAfMLgwOJRpqjZxvrYZyVzX+A8tdNDVY0/SmRM3U=
golang.org/x/net v0.19.0 h1:qa5JlmerzoevmxpNrjvn4KfttZHyjS1PKtEzwQyKWY=
golang.org/x/net v0.19.0/go.mod h1:CfAk/cbD4CthwYVoNWsr9PkiMFC5sS/gkSuE+gOqW0=
golang.org/x/sys v0.15.0 h1:frVn1UYSYcpu8PD0TgEWF2EtSR2vcjVNUOKJ5nPVJY=
golang.org/x/sys v0.15.0/go.mod h1:/VUhepLi2Z1srrJ2cnFSC2KNNJ6M0aSSfjdE0dYXXc=
golang.org/x/text v0.14.0 h1:ScX5w1eTa60QWvWn94S89+e+O3ij3XRKklHupMsCsY=
golang.org/x/text v0.14.0/go.mod h1:18ZOQIKpY8NJVqYksKHtTdi31H5itW20I4+6N7ECeM=
golang.org/x/xerrors v0.0.0-20191204190536-9bdfabe68543/go.mod h1:I/5z698sn9Ka8TeJc9MKroUUfqBBauWjQqLJ2OPfmY=
google.golang.org/protobuf v1.31.0 h1:g0LDEJHgrVl8/zWEf9rNiNvQIm/qFMMnnP3mesrDF0=
google.golang.org/protobuf v1.31.0/go.mod h1:HXc8DJDlZZNfSxQnMuWGCAod7ctQVIcohqULvkaHxE=
gopkg.in/yaml.v3 v3.0.1 h1:fxVm/GzAzEWqLHEvluCn7nn3M5Cx46Z0DVV0P2BtLQ=
gopkg.in/yaml.v3 v3.0.1/go.mod h1:K4uyk7z7BCEPqu6E+C64Yfv1cQ41C2lprrGM2marshal=
